{
  "requires": true,
  "lockfileVersion": 1,
  "dependencies": {
    "react-alice-carousel": {
      "version": "2.0.1",
      "resolved": "https://registry.npmjs.org/react-alice-carousel/-/react-alice-carousel-2.0.1.tgz",
      "integrity": "sha512-1Jb4CYEpQqe2dO/deHpUpqI05nuEdpfnhkC/p0cze799GqQ19kfZjgSPJv/sbE3tarisBNtaKQB56INdMwBpxg==",
      "requires": {
        "vanilla-swipe": "^2.2.0"
      }
    },
    "vanilla-swipe": {
      "version": "2.2.0",
      "resolved": "https://registry.npmjs.org/vanilla-swipe/-/vanilla-swipe-2.2.0.tgz",
      "integrity": "sha512-iNXEIpPTe2KMOzHyi0lKP9rSSHry+SoHAc0aBHH4xcJBjKX5cnw6DcxgT3OoWsqxHQ6O1wmG4PAG9BOzzR5jGQ=="
    }
  }
}
